
Microsoft Visual Studio Solution File, Format Version 12.00
# Visual Studio Version 17
VisualStudioVersion = 17.5.002.0
MinimumVisualStudioVersion = 10.0.40219.1
Project("{9A19103F-16F7-4668-BE54-9A1E7A4F7556}") = "Hydra.WebApi", "Hydra.WebApi.csproj", "{E5106871-AB6B-426A-98F1-FE366E71CB6E}"
EndProject
Global
	GlobalSection(SolutionConfigurationPlatforms) = preSolution
		Debug|Any CPU = Debug|Any CPU
		Release|Any CPU = Release|Any CPU
	EndGlobalSection
	GlobalSection(ProjectConfigurationPlatforms) = postSolution
		{E5106871-AB6B-426A-98F1-FE366E71CB6E}.Debug|Any CPU.ActiveCfg = Debug|Any CPU
		{E5106871-AB6B-426A-98F1-FE366E71CB6E}.Debug|Any CPU.Build.0 = Debug|Any CPU
		{E5106871-AB6B-426A-98F1-FE366E71CB6E}.Release|Any CPU.ActiveCfg = Release|Any CPU
		{E5106871-AB6B-426A-98F1-FE366E71CB6E}.Release|Any CPU.Build.0 = Release|Any CPU
	EndGlobalSection
	GlobalSection(SolutionProperties) = preSolution
		HideSolutionNode = FALSE
	EndGlobalSection
	GlobalSection(ExtensibilityGlobals) = postSolution
		SolutionGuid = {AB056237-5959-4AC4-A65C-96073DD3E12F}
	EndGlobalSection
EndGlobal
